
Microsoft Visual Studio Solution File, Format Version 12.00
# Visual Studio 15
VisualStudioVersion = 15.0.27703.2042
MinimumVisualStudioVersion = 10.0.40219.1
Project("{FAE04EC0-301F-11D3-BF4B-00C04F79EFBC}") = "DecisionsRESTAPIExample", "APIHits\DecisionsRESTAPIExample.csproj", "{1D5DBB5B-2662-4971-BE63-8FE2B7383F1E}"
EndProject
Global
	GlobalSection(SolutionConfigurationPlatforms) = preSolution
		Debug|Any CPU = Debug|Any CPU
		Release|Any CPU = Release|Any CPU
	EndGlobalSection
	GlobalSection(ProjectConfigurationPlatforms) = postSolution
		{1D5DBB5B-2662-4971-BE63-8FE2B7383F1E}.Debug|Any CPU.ActiveCfg = Debug|Any CPU
		{1D5DBB5B-2662-4971-BE63-8FE2B7383F1E}.Debug|Any CPU.Build.0 = Debug|Any CPU
		{1D5DBB5B-2662-4971-BE63-8FE2B7383F1E}.Release|Any CPU.ActiveCfg = Release|Any CPU
		{1D5DBB5B-2662-4971-BE63-8FE2B7383F1E}.Release|Any CPU.Build.0 = Release|Any CPU
	EndGlobalSection
	GlobalSection(SolutionProperties) = preSolution
		HideSolutionNode = FALSE
	EndGlobalSection
	GlobalSection(ExtensibilityGlobals) = postSolution
		SolutionGuid = {70453301-D50B-48DB-9AD4-D632F4AD0CB1}
	EndGlobalSection
EndGlobal
